
Microsoft Visual Studio Solution File, Format Version 12.00
# Visual Studio Version 17
VisualStudioVersion = 17.4.33213.308
MinimumVisualStudioVersion = 10.0.40219.1
Project("{8BC9CEB8-8B4A-11D0-8D11-00A0C91BC942}") = "2DIndexTransformation_for_model", "2DIndexTransformation_for_model\2DIndexTransformation_for_model.vcxproj", "{CF981D81-17CB-4B86-B2BD-64E0F2739D63}"
EndProject
Global
	GlobalSection(SolutionConfigurationPlatforms) = preSolution
		Debug|x64 = Debug|x64
		Debug|x86 = Debug|x86
		Release|x64 = Release|x64
		Release|x86 = Release|x86
	EndGlobalSection
	GlobalSection(ProjectConfigurationPlatforms) = postSolution
		{CF981D81-17CB-4B86-B2BD-64E0F2739D63}.Debug|x64.ActiveCfg = Debug|x64
		{CF981D81-17CB-4B86-B2BD-64E0F2739D63}.Debug|x64.Build.0 = Debug|x64
		{CF981D81-17CB-4B86-B2BD-64E0F2739D63}.Debug|x86.ActiveCfg = Debug|Win32
		{CF981D81-17CB-4B86-B2BD-64E0F2739D63}.Debug|x86.Build.0 = Debug|Win32
		{CF981D81-17CB-4B86-B2BD-64E0F2739D63}.Release|x64.ActiveCfg = Release|x64
		{CF981D81-17CB-4B86-B2BD-64E0F2739D63}.Release|x64.Build.0 = Release|x64
		{CF981D81-17CB-4B86-B2BD-64E0F2739D63}.Release|x86.ActiveCfg = Release|Win32
		{CF981D81-17CB-4B86-B2BD-64E0F2739D63}.Release|x86.Build.0 = Release|Win32
	EndGlobalSection
	GlobalSection(SolutionProperties) = preSolution
		HideSolutionNode = FALSE
	EndGlobalSection
	GlobalSection(ExtensibilityGlobals) = postSolution
		SolutionGuid = {407233C5-63AA-4395-98B8-3F76CBB86A69}
	EndGlobalSection
EndGlobal
